// !$*UTF8*$!
{
	archiveVersion = 1;
	classes = {
	};
	objectVersion = 46;
	objects = {

/* Begin PBXBuildFile section */
		1B7E701B1D4A414800DC8364 /* ImageViewController.swift in Sources */ = {isa = PBXBuildFile; fileRef = 1B7E701A1D4A414800DC8364 /* ImageViewController.swift */; };
		1BD309A81D4654E300A76984 /* AppDelegate.swift in Sources */ = {isa = PBXBuildFile; fileRef = 1BD309A71D4654E300A76984 /* AppDelegate.swift */; };
		1BD309AD1D4654E300A76984 /* Main.storyboard in Resources */ = {isa = PBXBuildFile; fileRef = 1BD309AB1D4654E300A76984 /* Main.storyboard */; };
		1BD309AF1D4654E300A76984 /* Assets.xcassets in Resources */ = {isa = PBXBuildFile; fileRef = 1BD309AE1D4654E300A76984 /* Assets.xcassets */; };
		1BD309B21D4654E300A76984 /* LaunchScreen.storyboard in Resources */ = {isa = PBXBuildFile; fileRef = 1BD309B01D4654E300A76984 /* LaunchScreen.storyboard */; };
/* End PBXBuildFile section */

/* Begin PBXContainerItemProxy section */
		1BD309B91D4654E300A76984 /* PBXContainerItemProxy */ = {
			isa = PBXContainerItemProxy;
			containerPortal = 1BD3099C1D4654E300A76984 /* Project object */;
			proxyType = 1;
			remoteGlobalIDString = 1BD309A31D4654E300A76984;
			remoteInfo = "swift-multithreading-lab";
		};
		1BD309C41D4654E300A76984 /* PBXContainerItemProxy */ = {
			isa = PBXContainerItemProxy;
			containerPortal = 1BD3099C1D4654E300A76984 /* Project object */;
			proxyType = 1;
			remoteGlobalIDString = 1BD309A31D4654E300A76984;
			remoteInfo = "swift-multithreading-lab";
		};
/* End PBXContainerItemProxy section */

/* Begin PBXFileReference section */
		1B7E701A1D4A414800DC8364 /* ImageViewController.swift */ = {isa = PBXFileReference; fileEncoding = 4; lastKnownFileType = sourcecode.swift; path = ImageViewController.swift; sourceTree = "<group>"; };
		1BD309A41D4654E300A76984 /* swift-multithreading-lab.app */ = {isa = PBXFileReference; explicitFileType = wrapper.application; includeInIndex = 0; path = "swift-multithreading-lab.app"; sourceTree = BUILT_PRODUCTS_DIR; };
		1BD309A71D4654E300A76984 /* AppDelegate.swift */ = {isa = PBXFileReference; lastKnownFileType = sourcecode.swift; path = AppDelegate.swift; sourceTree = "<group>"; };
		1BD309AC1D4654E300A76984 /* Base */ = {isa = PBXFileReference; lastKnownFileType = file.storyboard; name = Base; path = Base.lproj/Main.storyboard; sourceTree = "<group>"; };
		1BD309AE1D4654E300A76984 /* Assets.xcassets */ = {isa = PBXFileReference; lastKnownFileType = folder.assetcatalog; path = Assets.xcassets; sourceTree = "<group>"; };
		1BD309B11D4654E300A76984 /* Base */ = {isa = PBXFileReference; lastKnownFileType = file.storyboard; name = Base; path = Base.lproj/LaunchScreen.storyboard; sourceTree = "<group>"; };
		1BD309B31D4654E300A76984 /* Info.plist */ = {isa = PBXFileReference; lastKnownFileType = text.plist.xml; path = Info.plist; sourceTree = "<group>"; };
		1BD309B81D4654E300A76984 /* swift-multithreading-labTests.xctest */ = {isa = PBXFileReference; explicitFileType = wrapper.cfbundle; includeInIndex = 0; path = "swift-multithreading-labTests.xctest"; sourceTree = BUILT_PRODUCTS_DIR; };
		1BD309C31D4654E300A76984 /* swift-multithreading-labUITests.xctest */ = {isa = PBXFileReference; explicitFileType = wrapper.cfbundle; includeInIndex = 0; path = "swift-multithreading-labUITests.xctest"; sourceTree = BUILT_PRODUCTS_DIR; };
/* End PBXFileReference section */

/* Begin PBXFrameworksBuildPhase section */
		1BD309A11D4654E300A76984 /* Frameworks */ = {
			isa = PBXFrameworksBuildPhase;
			buildActionMask = 2147483647;
			files = (
			);
			runOnlyForDeploymentPostprocessing = 0;
		};
		1BD309B51D4654E300A76984 /* Frameworks */ = {
			isa = PBXFrameworksBuildPhase;
			buildActionMask = 2147483647;
			files = (
			);
			runOnlyForDeploymentPostprocessing = 0;
		};
		1BD309C01D4654E300A76984 /* Frameworks */ = {
			isa = PBXFrameworksBuildPhase;
			buildActionMask = 2147483647;
			files = (
			);
			runOnlyForDeploymentPostprocessing = 0;
		};
/* End PBXFrameworksBuildPhase section */

/* Begin PBXGroup section */
		1BC0A3F11D50FE3900A04E3B /* Resources */ = {
			isa = PBXGroup;
			children = (
				1BD309A71D4654E300A76984 /* AppDelegate.swift */,
				1BD309AE1D4654E300A76984 /* Assets.xcassets */,
				1BD309B01D4654E300A76984 /* LaunchScreen.storyboard */,
				1BD309B31D4654E300A76984 /* Info.plist */,
			);
			name = Resources;
			sourceTree = "<group>";
		};
		1BD3099B1D4654E300A76984 = {
			isa = PBXGroup;
			children = (
				1BD309A61D4654E300A76984 /* swift-multithreading-lab */,
				1BD309A51D4654E300A76984 /* Products */,
			);
			sourceTree = "<group>";
		};
		1BD309A51D4654E300A76984 /* Products */ = {
			isa = PBXGroup;
			children = (
				1BD309A41D4654E300A76984 /* swift-multithreading-lab.app */,
				1BD309B81D4654E300A76984 /* swift-multithreading-labTests.xctest */,
				1BD309C31D4654E300A76984 /* swift-multithreading-labUITests.xctest */,
			);
			name = Products;
			sourceTree = "<group>";
		};
		1BD309A61D4654E300A76984 /* swift-multithreading-lab */ = {
			isa = PBXGroup;
			children = (
				1B7E701A1D4A414800DC8364 /* ImageViewController.swift */,
				1BD309AB1D4654E300A76984 /* Main.storyboard */,
				1BC0A3F11D50FE3900A04E3B /* Resources */,
			);
			path = "swift-multithreading-lab";
			sourceTree = "<group>";
		};
/* End PBXGroup section */

/* Begin PBXNativeTarget section */
		1BD309A31D4654E300A76984 /* swift-multithreading-lab */ = {
			isa = PBXNativeTarget;
			buildConfigurationList = 1BD309CC1D4654E300A76984 /* Build configuration list for PBXNativeTarget "swift-multithreading-lab" */;
			buildPhases = (
				1BD309A01D4654E300A76984 /* Sources */,
				1BD309A11D4654E300A76984 /* Frameworks */,
				1BD309A21D4654E300A76984 /* Resources */,
			);
			buildRules = (
			);
			dependencies = (
			);
			name = "swift-multithreading-lab";
			productName = "swift-multithreading-lab";
			productReference = 1BD309A41D4654E300A76984 /* swift-multithreading-lab.app */;
			productType = "com.apple.product-type.application";
		};
		1BD309B71D4654E300A76984 /* swift-multithreading-labTests */ = {
			isa = PBXNativeTarget;
			buildConfigurationList = 1BD309CF1D4654E300A76984 /* Build configuration list for PBXNativeTarget "swift-multithreading-labTests" */;
			buildPhases = (
				1BD309B41D4654E300A76984 /* Sources */,
				1BD309B51D4654E300A76984 /* Frameworks */,
				1BD309B61D4654E300A76984 /* Resources */,
			);
			buildRules = (
			);
			dependencies = (
				1BD309BA1D4654E300A76984 /* PBXTargetDependency */,
			);
			name = "swift-multithreading-labTests";
			productName = "swift-multithreading-labTests";
			productReference = 1BD309B81D4654E300A76984 /* swift-multithreading-labTests.xctest */;
			productType = "com.apple.product-type.bundle.unit-test";
		};
		1BD309C21D4654E300A76984 /* swift-multithreading-labUITests */ = {
			isa = PBXNativeTarget;
			buildConfigurationList = 1BD309D21D4654E300A76984 /* Build configuration list for PBXNativeTarget "swift-multithreading-labUITests" */;
			buildPhases = (
				1BD309BF1D4654E300A76984 /* Sources */,
				1BD309C01D4654E300A76984 /* Frameworks */,
				1BD309C11D4654E300A76984 /* Resources */,
			);
			buildRules = (
			);
			dependencies = (
				1BD309C51D4654E300A76984 /* PBXTargetDependency */,
			);
			name = "swift-multithreading-labUITests";
			productName = "swift-multithreading-labUITests";
			productReference = 1BD309C31D4654E300A76984 /* swift-multithreading-labUITests.xctest */;
			productType = "com.apple.product-type.bundle.ui-testing";
		};
/* End PBXNativeTarget section */

/* Begin PBXProject section */
		1BD3099C1D4654E300A76984 /* Project object */ = {
			isa = PBXProject;
			attributes = {
				LastSwiftUpdateCheck = 0730;
				LastUpgradeCheck = 0730;
				ORGANIZATIONNAME = "Flatiron School";
				TargetAttributes = {
					1BD309A31D4654E300A76984 = {
						CreatedOnToolsVersion = 7.3.1;
						LastSwiftMigration = 0800;
					};
					1BD309B71D4654E300A76984 = {
						CreatedOnToolsVersion = 7.3.1;
						LastSwiftMigration = 0800;
						TestTargetID = 1BD309A31D4654E300A76984;
					};
					1BD309C21D4654E300A76984 = {
						CreatedOnToolsVersion = 7.3.1;
						LastSwiftMigration = 0800;
						TestTargetID = 1BD309A31D4654E300A76984;
					};
				};
			};
			buildConfigurationList = 1BD3099F1D4654E300A76984 /* Build configuration list for PBXProject "swift-multithreading-lab" */;
			compatibilityVersion = "Xcode 3.2";
			developmentRegion = English;
			hasScannedForEncodings = 0;
			knownRegions = (
				en,
				Base,
			);
			mainGroup = 1BD3099B1D4654E300A76984;
			productRefGroup = 1BD309A51D4654E300A76984 /* Products */;
			projectDirPath = "";
			projectRoot = "";
			targets = (
				1BD309A31D4654E300A76984 /* swift-multithreading-lab */,
				1BD309B71D4654E300A76984 /* swift-multithreading-labTests */,
				1BD309C21D4654E300A76984 /* swift-multithreading-labUITests */,
			);
		};
/* End PBXProject section */

/* Begin PBXResourcesBuildPhase section */
		1BD309A21D4654E300A76984 /* Resources */ = {
			isa = PBXResourcesBuildPhase;
			buildActionMask = 2147483647;
			files = (
				1BD309B21D4654E300A76984 /* LaunchScreen.storyboard in Resources */,
				1BD309AF1D4654E300A76984 /* Assets.xcassets in Resources */,
				1BD309AD1D4654E300A76984 /* Main.storyboard in Resources */,
			);
			runOnlyForDeploymentPostprocessing = 0;
		};
		1BD309B61D4654E300A76984 /* Resources */ = {
			isa = PBXResourcesBuildPhase;
			buildActionMask = 2147483647;
			files = (
			);
			runOnlyForDeploymentPostprocessing = 0;
		};
		1BD309C11D4654E300A76984 /* Resources */ = {
			isa = PBXResourcesBuildPhase;
			buildActionMask = 2147483647;
			files = (
			);
			runOnlyForDeploymentPostprocessing = 0;
		};
/* End PBXResourcesBuildPhase section */

/* Begin PBXSourcesBuildPhase section */
		1BD309A01D4654E300A76984 /* Sources */ = {
			isa = PBXSourcesBuildPhase;
			buildActionMask = 2147483647;
			files = (
				1B7E701B1D4A414800DC8364 /* ImageViewController.swift in Sources */,
				1BD309A81D4654E300A76984 /* AppDelegate.swift in Sources */,
			);
			runOnlyForDeploymentPostprocessing = 0;
		};
		1BD309B41D4654E300A76984 /* Sources */ = {
			isa = PBXSourcesBuildPhase;
			buildActionMask = 2147483647;
			files = (
			);
			runOnlyForDeploymentPostprocessing = 0;
		};
		1BD309BF1D4654E300A76984 /* Sources */ = {
			isa = PBXSourcesBuildPhase;
			buildActionMask = 2147483647;
			files = (
			);
			runOnlyForDeploymentPostprocessing = 0;
		};
/* End PBXSourcesBuildPhase section */

/* Begin PBXTargetDependency section */
		1BD309BA1D4654E300A76984 /* PBXTargetDependency */ = {
			isa = PBXTargetDependency;
			target = 1BD309A31D4654E300A76984 /* swift-multithreading-lab */;
			targetProxy = 1BD309B91D4654E300A76984 /* PBXContainerItemProxy */;
		};
		1BD309C51D4654E300A76984 /* PBXTargetDependency */ = {
			isa = PBXTargetDependency;
			target = 1BD309A31D4654E300A76984 /* swift-multithreading-lab */;
			targetProxy = 1BD309C41D4654E300A76984 /* PBXContainerItemProxy */;
		};
/* End PBXTargetDependency section */

/* Begin PBXVariantGroup section */
		1BD309AB1D4654E300A76984 /* Main.storyboard */ = {
			isa = PBXVariantGroup;
			children = (
				1BD309AC1D4654E300A76984 /* Base */,
			);
			name = Main.storyboard;
			sourceTree = "<group>";
		};
		1BD309B01D4654E300A76984 /* LaunchScreen.storyboard */ = {
			isa = PBXVariantGroup;
			children = (
				1BD309B11D4654E300A76984 /* Base */,
			);
			name = LaunchScreen.storyboard;
			sourceTree = "<group>";
		};
/* End PBXVariantGroup section */

/* Begin XCBuildConfiguration section */
		1BD309CA1D4654E300A76984 /* Debug */ = {
			isa = XCBuildConfiguration;
			buildSettings = {
				ALWAYS_SEARCH_USER_PATHS = NO;
				CLANG_ANALYZER_NONNULL = YES;
				CLANG_CXX_LANGUAGE_STANDARD = "gnu++0x";
				CLANG_CXX_LIBRARY = "libc++";
				CLANG_ENABLE_MODULES = YES;
				CLANG_ENABLE_OBJC_ARC = YES;
				CLANG_WARN_BOOL_CONVERSION = YES;
				CLANG_WARN_CONSTANT_CONVERSION = YES;
				CLANG_WARN_DIRECT_OBJC_ISA_USAGE = YES_ERROR;
				CLANG_WARN_EMPTY_BODY = YES;
				CLANG_WARN_ENUM_CONVERSION = YES;
				CLANG_WARN_INT_CONVERSION = YES;
				CLANG_WARN_OBJC_ROOT_CLASS = YES_ERROR;
				CLANG_WARN_UNREACHABLE_CODE = YES;
				CLANG_WARN__DUPLICATE_METHOD_MATCH = YES;
				"CODE_SIGN_IDENTITY[sdk=iphoneos*]" = "iPhone Developer";
				COPY_PHASE_STRIP = NO;
				DEBUG_INFORMATION_FORMAT = dwarf;
				ENABLE_STRICT_OBJC_MSGSEND = YES;
				ENABLE_TESTABILITY = YES;
				GCC_C_LANGUAGE_STANDARD = gnu99;
				GCC_DYNAMIC_NO_PIC = NO;
				GCC_NO_COMMON_BLOCKS = YES;
				GCC_OPTIMIZATION_LEVEL = 0;
				GCC_PREPROCESSOR_DEFINITIONS = (
					"DEBUG=1",
					"$(inherited)",
				);
				GCC_WARN_64_TO_32_BIT_CONVERSION = YES;
				GCC_WARN_ABOUT_RETURN_TYPE = YES_ERROR;
				GCC_WARN_UNDECLARED_SELECTOR = YES;
				GCC_WARN_UNINITIALIZED_AUTOS = YES_AGGRESSIVE;
				GCC_WARN_UNUSED_FUNCTION = YES;
				GCC_WARN_UNUSED_VARIABLE = YES;
				IPHONEOS_DEPLOYMENT_TARGET = 9.3;
				MTL_ENABLE_DEBUG_INFO = YES;
				ONLY_ACTIVE_ARCH = YES;
				SDKROOT = iphoneos;
				SWIFT_OPTIMIZATION_LEVEL = "-Onone";
				TARGETED_DEVICE_FAMILY = "1,2";
			};
			name = Debug;
		};
		1BD309CB1D4654E300A76984 /* Release */ = {
			isa = XCBuildConfiguration;
			buildSettings = {
				ALWAYS_SEARCH_USER_PATHS = NO;
				CLANG_ANALYZER_NONNULL = YES;
				CLANG_CXX_LANGUAGE_STANDARD = "gnu++0x";
				CLANG_CXX_LIBRARY = "libc++";
				CLANG_ENABLE_MODULES = YES;
				CLANG_ENABLE_OBJC_ARC = YES;
				CLANG_WARN_BOOL_CONVERSION = YES;
				CLANG_WARN_CONSTANT_CONVERSION = YES;
				CLANG_WARN_DIRECT_OBJC_ISA_USAGE = YES_ERROR;
				CLANG_WARN_EMPTY_BODY = YES;
				CLANG_WARN_ENUM_CONVERSION = YES;
				CLANG_WARN_INT_CONVERSION = YES;
				CLANG_WARN_OBJC_ROOT_CLASS = YES_ERROR;
				CLANG_WARN_UNREACHABLE_CODE = YES;
				CLANG_WARN__DUPLICATE_METHOD_MATCH = YES;
				"CODE_SIGN_IDENTITY[sdk=iphoneos*]" = "iPhone Developer";
				COPY_PHASE_STRIP = NO;
				DEBUG_INFORMATION_FORMAT = "dwarf-with-dsym";
				ENABLE_NS_ASSERTIONS = NO;
				ENABLE_STRICT_OBJC_MSGSEND = YES;
				GCC_C_LANGUAGE_STANDARD = gnu99;
				GCC_NO_COMMON_BLOCKS = YES;
				GCC_WARN_64_TO_32_BIT_CONVERSION = YES;
				GCC_WARN_ABOUT_RETURN_TYPE = YES_ERROR;
				GCC_WARN_UNDECLARED_SELECTOR = YES;
				GCC_WARN_UNINITIALIZED_AUTOS = YES_AGGRESSIVE;
				GCC_WARN_UNUSED_FUNCTION = YES;
				GCC_WARN_UNUSED_VARIABLE = YES;
				IPHONEOS_DEPLOYMENT_TARGET = 9.3;
				MTL_ENABLE_DEBUG_INFO = NO;
				SDKROOT = iphoneos;
				TARGETED_DEVICE_FAMILY = "1,2";
				VALIDATE_PRODUCT = YES;
			};
			name = Release;
		};
		1BD309CD1D4654E300A76984 /* Debug */ = {
			isa = XCBuildConfiguration;
			buildSettings = {
				ASSETCATALOG_COMPILER_APPICON_NAME = AppIcon;
				INFOPLIST_FILE = "swift-multithreading-lab/Info.plist";
				LD_RUNPATH_SEARCH_PATHS = "$(inherited) @executable_path/Frameworks";
				PRODUCT_BUNDLE_IDENTIFIER = "com.FlatironSchool.swift-multithreading-lab";
				PRODUCT_NAME = "$(TARGET_NAME)";
				SWIFT_VERSION = 3.0;
			};
			name = Debug;
		};
		1BD309CE1D4654E300A76984 /* Release */ = {
			isa = XCBuildConfiguration;
			buildSettings = {
				ASSETCATALOG_COMPILER_APPICON_NAME = AppIcon;
				INFOPLIST_FILE = "swift-multithreading-lab/Info.plist";
				LD_RUNPATH_SEARCH_PATHS = "$(inherited) @executable_path/Frameworks";
				PRODUCT_BUNDLE_IDENTIFIER = "com.FlatironSchool.swift-multithreading-lab";
				PRODUCT_NAME = "$(TARGET_NAME)";
				SWIFT_VERSION = 3.0;
			};
			name = Release;
		};
		1BD309D01D4654E300A76984 /* Debug */ = {
			isa = XCBuildConfiguration;
			buildSettings = {
				BUNDLE_LOADER = "$(TEST_HOST)";
				INFOPLIST_FILE = "swift-multithreading-labTests/Info.plist";
				LD_RUNPATH_SEARCH_PATHS = "$(inherited) @executable_path/Frameworks @loader_path/Frameworks";
				PRODUCT_BUNDLE_IDENTIFIER = "com.FlatironSchool.swift-multithreading-labTests";
				PRODUCT_NAME = "$(TARGET_NAME)";
				SWIFT_VERSION = 3.0;
				TEST_HOST = "$(BUILT_PRODUCTS_DIR)/swift-multithreading-lab.app/swift-multithreading-lab";
			};
			name = Debug;
		};
		1BD309D11D4654E300A76984 /* Release */ = {
			isa = XCBuildConfiguration;
			buildSettings = {
				BUNDLE_LOADER = "$(TEST_HOST)";
				INFOPLIST_FILE = "swift-multithreading-labTests/Info.plist";
				LD_RUNPATH_SEARCH_PATHS = "$(inherited) @executable_path/Frameworks @loader_path/Frameworks";
				PRODUCT_BUNDLE_IDENTIFIER = "com.FlatironSchool.swift-multithreading-labTests";
				PRODUCT_NAME = "$(TARGET_NAME)";
				SWIFT_VERSION = 3.0;
				TEST_HOST = "$(BUILT_PRODUCTS_DIR)/swift-multithreading-lab.app/swift-multithreading-lab";
			};
			name = Release;
		};
		1BD309D31D4654E300A76984 /* Debug */ = {
			isa = XCBuildConfiguration;
			buildSettings = {
				INFOPLIST_FILE = "swift-multithreading-labUITests/Info.plist";
				LD_RUNPATH_SEARCH_PATHS = "$(inherited) @executable_path/Frameworks @loader_path/Frameworks";
				PRODUCT_BUNDLE_IDENTIFIER = "com.FlatironSchool.swift-multithreading-labUITests";
				PRODUCT_NAME = "$(TARGET_NAME)";
				SWIFT_VERSION = 3.0;
				TEST_TARGET_NAME = "swift-multithreading-lab";
			};
			name = Debug;
		};
		1BD309D41D4654E300A76984 /* Release */ = {
			isa = XCBuildConfiguration;
			buildSettings = {
				INFOPLIST_FILE = "swift-multithreading-labUITests/Info.plist";
				LD_RUNPATH_SEARCH_PATHS = "$(inherited) @executable_path/Frameworks @loader_path/Frameworks";
				PRODUCT_BUNDLE_IDENTIFIER = "com.FlatironSchool.swift-multithreading-labUITests";
				PRODUCT_NAME = "$(TARGET_NAME)";
				SWIFT_VERSION = 3.0;
				TEST_TARGET_NAME = "swift-multithreading-lab";
			};
			name = Release;
		};
/* End XCBuildConfiguration section */

/* Begin XCConfigurationList section */
		1BD3099F1D4654E300A76984 /* Build configuration list for PBXProject "swift-multithreading-lab" */ = {
			isa = XCConfigurationList;
			buildConfigurations = (
				1BD309CA1D4654E300A76984 /* Debug */,
				1BD309CB1D4654E300A76984 /* Release */,
			);
			defaultConfigurationIsVisible = 0;
			defaultConfigurationName = Release;
		};
		1BD309CC1D4654E300A76984 /* Build configuration list for PBXNativeTarget "swift-multithreading-lab" */ = {
			isa = XCConfigurationList;
			buildConfigurations = (
				1BD309CD1D4654E300A76984 /* Debug */,
				1BD309CE1D4654E300A76984 /* Release */,
			);
			defaultConfigurationIsVisible = 0;
			defaultConfigurationName = Release;
		};
		1BD309CF1D4654E300A76984 /* Build configuration list for PBXNativeTarget "swift-multithreading-labTests" */ = {
			isa = XCConfigurationList;
			buildConfigurations = (
				1BD309D01D4654E300A76984 /* Debug */,
				1BD309D11D4654E300A76984 /* Release */,
			);
			defaultConfigurationIsVisible = 0;
			defaultConfigurationName = Release;
		};
		1BD309D21D4654E300A76984 /* Build configuration list for PBXNativeTarget "swift-multithreading-labUITests" */ = {
			isa = XCConfigurationList;
			buildConfigurations = (
				1BD309D31D4654E300A76984 /* Debug */,
				1BD309D41D4654E300A76984 /* Release */,
			);
			defaultConfigurationIsVisible = 0;
			defaultConfigurationName = Release;
		};
/* End XCConfigurationList section */
	};
	rootObject = 1BD3099C1D4654E300A76984 /* Project object */;
}
